
Microsoft Visual Studio Solution File, Format Version 12.00
# Visual Studio Version 17
VisualStudioVersion = 17.10.34928.147
MinimumVisualStudioVersion = 10.0.40219.1
Project("{FAE04EC0-301F-11D3-BF4B-00C04F79EFBC}") = "WCR", "WCR\WCR.csproj", "{A9530351-A815-4B5F-81D3-FA1D83960BF9}"
EndProject
Global
	GlobalSection(SolutionConfigurationPlatforms) = preSolution
		Debug|Any CPU = Debug|Any CPU
		Release|Any CPU = Release|Any CPU
	EndGlobalSection
	GlobalSection(ProjectConfigurationPlatforms) = postSolution
		{A9530351-A815-4B5F-81D3-FA1D83960BF9}.Debug|Any CPU.ActiveCfg = Debug|Any CPU
		{A9530351-A815-4B5F-81D3-FA1D83960BF9}.Debug|Any CPU.Build.0 = Debug|Any CPU
		{A9530351-A815-4B5F-81D3-FA1D83960BF9}.Release|Any CPU.ActiveCfg = Release|Any CPU
		{A9530351-A815-4B5F-81D3-FA1D83960BF9}.Release|Any CPU.Build.0 = Release|Any CPU
	EndGlobalSection
	GlobalSection(SolutionProperties) = preSolution
		HideSolutionNode = FALSE
	EndGlobalSection
	GlobalSection(ExtensibilityGlobals) = postSolution
		SolutionGuid = {4ACFED1F-94BC-4F6E-9169-B6B222910416}
	EndGlobalSection
EndGlobal
